// !$*UTF8*$!
{
	archiveVersion = 1;
	classes = {
	};
	objectVersion = 46;
	objects = {

/* Begin PBXBuildFile section */
		08BD61F91B4C07F30004E704 /* AudioDevice.cpp in Sources */ = {isa = PBXBuildFile; fileRef = 08BD61F61B4C07F30004E704 /* AudioDevice.cpp */; };
		08BD61FB1B4C0B3F0004E704 /* ExampleMain.cpp in Sources */ = {isa = PBXBuildFile; fileRef = 08BD61FA1B4C0B3F0004E704 /* ExampleMain.cpp */; };
		08BD62071B4D5BCE0004E704 /* RtAudio.cpp in Sources */ = {isa = PBXBuildFile; fileRef = 08BD61E11B4BFDF40004E704 /* RtAudio.cpp */; };
		08BD62091B4D5D1E0004E704 /* CoreServices.framework in Frameworks */ = {isa = PBXBuildFile; fileRef = 08BD62081B4D5D1E0004E704 /* CoreServices.framework */; };
		08BD620B1B4D5D250004E704 /* CoreFoundation.framework in Frameworks */ = {isa = PBXBuildFile; fileRef = 08BD620A1B4D5D250004E704 /* CoreFoundation.framework */; };
		08BD620D1B4D5D2A0004E704 /* CoreAudio.framework in Frameworks */ = {isa = PBXBuildFile; fileRef = 08BD620C1B4D5D2A0004E704 /* CoreAudio.framework */; };
		08BD620F1B4D5D310004E704 /* libpthread.dylib in Frameworks */ = {isa = PBXBuildFile; fileRef = 08BD620E1B4D5D310004E704 /* libpthread.dylib */; };
/* End PBXBuildFile section */

/* Begin PBXCopyFilesBuildPhase section */
		08BD61CE1B4BFB9D0004E704 /* CopyFiles */ = {
			isa = PBXCopyFilesBuildPhase;
			buildActionMask = 2147483647;
			dstPath = /usr/share/man/man1/;
			dstSubfolderSpec = 0;
			files = (
			);
			runOnlyForDeploymentPostprocessing = 1;
		};
/* End PBXCopyFilesBuildPhase section */

/* Begin PBXFileReference section */
		08BD61D01B4BFB9D0004E704 /* MoogLadders */ = {isa = PBXFileReference; explicitFileType = "compiled.mach-o.executable"; includeInIndex = 0; path = MoogLadders; sourceTree = BUILT_PRODUCTS_DIR; };
		08BD61DF1B4BFDF40004E704 /* catch.hpp */ = {isa = PBXFileReference; lastKnownFileType = sourcecode.cpp.h; path = catch.hpp; sourceTree = "<group>"; };
		08BD61E11B4BFDF40004E704 /* RtAudio.cpp */ = {isa = PBXFileReference; lastKnownFileType = sourcecode.cpp.cpp; path = RtAudio.cpp; sourceTree = "<group>"; };
		08BD61E21B4BFDF40004E704 /* RtAudio.h */ = {isa = PBXFileReference; lastKnownFileType = sourcecode.c.h; path = RtAudio.h; sourceTree = "<group>"; };
		08BD61EE1B4BFE650004E704 /* Util.h */ = {isa = PBXFileReference; fileEncoding = 4; lastKnownFileType = sourcecode.c.h; name = Util.h; path = src/Util.h; sourceTree = "<group>"; };
		08BD61F61B4C07F30004E704 /* AudioDevice.cpp */ = {isa = PBXFileReference; fileEncoding = 4; lastKnownFileType = sourcecode.cpp.cpp; name = AudioDevice.cpp; path = src/AudioDevice.cpp; sourceTree = "<group>"; };
		08BD61F71B4C07F30004E704 /* AudioDevice.h */ = {isa = PBXFileReference; fileEncoding = 4; lastKnownFileType = sourcecode.c.h; name = AudioDevice.h; path = src/AudioDevice.h; sourceTree = "<group>"; };
		08BD61F81B4C07F30004E704 /* RingBuffer.h */ = {isa = PBXFileReference; fileEncoding = 4; lastKnownFileType = sourcecode.c.h; name = RingBuffer.h; path = src/RingBuffer.h; sourceTree = "<group>"; };
		08BD61FA1B4C0B3F0004E704 /* ExampleMain.cpp */ = {isa = PBXFileReference; fileEncoding = 4; lastKnownFileType = sourcecode.cpp.cpp; name = ExampleMain.cpp; path = src/ExampleMain.cpp; sourceTree = "<group>"; };
		08BD61FD1B4C0C480004E704 /* LadderFilterBase.h */ = {isa = PBXFileReference; lastKnownFileType = sourcecode.c.h; name = LadderFilterBase.h; path = src/LadderFilterBase.h; sourceTree = "<group>"; };
		08BD61FE1B4D57460004E704 /* AaronModel.h */ = {isa = PBXFileReference; lastKnownFileType = sourcecode.c.h; name = AaronModel.h; path = src/AaronModel.h; sourceTree = "<group>"; };
		08BD61FF1B4D57460004E704 /* HuovilainenModel.h */ = {isa = PBXFileReference; lastKnownFileType = sourcecode.c.h; name = HuovilainenModel.h; path = src/HuovilainenModel.h; sourceTree = "<group>"; };
		08BD62001B4D57460004E704 /* ImprovedModel.h */ = {isa = PBXFileReference; lastKnownFileType = sourcecode.c.h; name = ImprovedModel.h; path = src/ImprovedModel.h; sourceTree = "<group>"; };
		08BD62011B4D57460004E704 /* RKSimulationModel.h */ = {isa = PBXFileReference; lastKnownFileType = sourcecode.c.h; name = RKSimulationModel.h; path = src/RKSimulationModel.h; sourceTree = "<group>"; };
		08BD62021B4D57460004E704 /* SimplifiedModel.h */ = {isa = PBXFileReference; lastKnownFileType = sourcecode.c.h; name = SimplifiedModel.h; path = src/SimplifiedModel.h; sourceTree = "<group>"; };
		08BD62031B4D57460004E704 /* StilsonModel.h */ = {isa = PBXFileReference; lastKnownFileType = sourcecode.c.h; name = StilsonModel.h; path = src/StilsonModel.h; sourceTree = "<group>"; };
		08BD62041B4D57460004E704 /* StilsonPirkleModel.h */ = {isa = PBXFileReference; lastKnownFileType = sourcecode.c.h; name = StilsonPirkleModel.h; path = src/StilsonPirkleModel.h; sourceTree = "<group>"; };
		08BD62051B4D57780004E704 /* Filters.h */ = {isa = PBXFileReference; lastKnownFileType = sourcecode.c.h; name = Filters.h; path = src/Filters.h; sourceTree = "<group>"; };
		08BD62061B4D57780004E704 /* NoiseGenerator.h */ = {isa = PBXFileReference; lastKnownFileType = sourcecode.c.h; name = NoiseGenerator.h; path = src/NoiseGenerator.h; sourceTree = "<group>"; };
		08BD62081B4D5D1E0004E704 /* CoreServices.framework */ = {isa = PBXFileReference; lastKnownFileType = wrapper.framework; name = CoreServices.framework; path = System/Library/Frameworks/CoreServices.framework; sourceTree = SDKROOT; };
		08BD620A1B4D5D250004E704 /* CoreFoundation.framework */ = {isa = PBXFileReference; lastKnownFileType = wrapper.framework; name = CoreFoundation.framework; path = System/Library/Frameworks/CoreFoundation.framework; sourceTree = SDKROOT; };
		08BD620C1B4D5D2A0004E704 /* CoreAudio.framework */ = {isa = PBXFileReference; lastKnownFileType = wrapper.framework; name = CoreAudio.framework; path = System/Library/Frameworks/CoreAudio.framework; sourceTree = SDKROOT; };
		08BD620E1B4D5D310004E704 /* libpthread.dylib */ = {isa = PBXFileReference; lastKnownFileType = "compiled.mach-o.dylib"; name = libpthread.dylib; path = usr/lib/libpthread.dylib; sourceTree = SDKROOT; };
/* End PBXFileReference section */

/* Begin PBXFrameworksBuildPhase section */
		08BD61CD1B4BFB9D0004E704 /* Frameworks */ = {
			isa = PBXFrameworksBuildPhase;
			buildActionMask = 2147483647;
			files = (
				08BD620F1B4D5D310004E704 /* libpthread.dylib in Frameworks */,
				08BD620D1B4D5D2A0004E704 /* CoreAudio.framework in Frameworks */,
				08BD620B1B4D5D250004E704 /* CoreFoundation.framework in Frameworks */,
				08BD62091B4D5D1E0004E704 /* CoreServices.framework in Frameworks */,
			);
			runOnlyForDeploymentPostprocessing = 0;
		};
/* End PBXFrameworksBuildPhase section */

/* Begin PBXGroup section */
		08BD61C71B4BFB9D0004E704 = {
			isa = PBXGroup;
			children = (
				08BD61DA1B4BFBD10004E704 /* source */,
				08BD61DD1B4BFDE40004E704 /* third_party */,
				08BD61D11B4BFB9D0004E704 /* Products */,
				08BD62101B4D5D4C0004E704 /* Frameworks */,
			);
			sourceTree = "<group>";
		};
		08BD61D11B4BFB9D0004E704 /* Products */ = {
			isa = PBXGroup;
			children = (
				08BD61D01B4BFB9D0004E704 /* MoogLadders */,
			);
			name = Products;
			sourceTree = "<group>";
		};
		08BD61DA1B4BFBD10004E704 /* source */ = {
			isa = PBXGroup;
			children = (
				08BD61FA1B4C0B3F0004E704 /* ExampleMain.cpp */,
				08BD61F51B4C07E60004E704 /* extra */,
				08BD61FC1B4C0C2A0004E704 /* models */,
				08BD61FD1B4C0C480004E704 /* LadderFilterBase.h */,
				08BD61FE1B4D57460004E704 /* AaronModel.h */,
				08BD61FF1B4D57460004E704 /* HuovilainenModel.h */,
				08BD62001B4D57460004E704 /* ImprovedModel.h */,
				08BD62011B4D57460004E704 /* RKSimulationModel.h */,
				08BD62021B4D57460004E704 /* SimplifiedModel.h */,
				08BD62031B4D57460004E704 /* StilsonModel.h */,
				08BD62041B4D57460004E704 /* StilsonPirkleModel.h */,
			);
			name = source;
			sourceTree = "<group>";
		};
		08BD61DD1B4BFDE40004E704 /* third_party */ = {
			isa = PBXGroup;
			children = (
				08BD61DE1B4BFDF40004E704 /* catch */,
				08BD61E01B4BFDF40004E704 /* rtaudio */,
			);
			name = third_party;
			sourceTree = "<group>";
		};
		08BD61DE1B4BFDF40004E704 /* catch */ = {
			isa = PBXGroup;
			children = (
				08BD61DF1B4BFDF40004E704 /* catch.hpp */,
			);
			name = catch;
			path = third_party/catch;
			sourceTree = "<group>";
		};
		08BD61E01B4BFDF40004E704 /* rtaudio */ = {
			isa = PBXGroup;
			children = (
				08BD61E11B4BFDF40004E704 /* RtAudio.cpp */,
				08BD61E21B4BFDF40004E704 /* RtAudio.h */,
			);
			name = rtaudio;
			path = third_party/rtaudio;
			sourceTree = "<group>";
		};
		08BD61F51B4C07E60004E704 /* extra */ = {
			isa = PBXGroup;
			children = (
				08BD61EE1B4BFE650004E704 /* Util.h */,
				08BD61F61B4C07F30004E704 /* AudioDevice.cpp */,
				08BD61F71B4C07F30004E704 /* AudioDevice.h */,
				08BD61F81B4C07F30004E704 /* RingBuffer.h */,
				08BD62051B4D57780004E704 /* Filters.h */,
				08BD62061B4D57780004E704 /* NoiseGenerator.h */,
			);
			name = extra;
			sourceTree = "<group>";
		};
		08BD61FC1B4C0C2A0004E704 /* models */ = {
			isa = PBXGroup;
			children = (
			);
			name = models;
			sourceTree = "<group>";
		};
		08BD62101B4D5D4C0004E704 /* Frameworks */ = {
			isa = PBXGroup;
			children = (
				08BD620E1B4D5D310004E704 /* libpthread.dylib */,
				08BD620C1B4D5D2A0004E704 /* CoreAudio.framework */,
				08BD620A1B4D5D250004E704 /* CoreFoundation.framework */,
				08BD62081B4D5D1E0004E704 /* CoreServices.framework */,
			);
			name = Frameworks;
			sourceTree = "<group>";
		};
/* End PBXGroup section */

/* Begin PBXNativeTarget section */
		08BD61CF1B4BFB9D0004E704 /* MoogLadders */ = {
			isa = PBXNativeTarget;
			buildConfigurationList = 08BD61D71B4BFB9D0004E704 /* Build configuration list for PBXNativeTarget "MoogLadders" */;
			buildPhases = (
				08BD61CC1B4BFB9D0004E704 /* Sources */,
				08BD61CD1B4BFB9D0004E704 /* Frameworks */,
				08BD61CE1B4BFB9D0004E704 /* CopyFiles */,
			);
			buildRules = (
			);
			dependencies = (
			);
			name = MoogLadders;
			productName = MoogLadders;
			productReference = 08BD61D01B4BFB9D0004E704 /* MoogLadders */;
			productType = "com.apple.product-type.tool";
		};
/* End PBXNativeTarget section */

/* Begin PBXProject section */
		08BD61C81B4BFB9D0004E704 /* Project object */ = {
			isa = PBXProject;
			attributes = {
				LastUpgradeCheck = 0620;
				ORGANIZATIONNAME = "Dimitri Diakopoulos";
				TargetAttributes = {
					08BD61CF1B4BFB9D0004E704 = {
						CreatedOnToolsVersion = 6.2;
					};
				};
			};
			buildConfigurationList = 08BD61CB1B4BFB9D0004E704 /* Build configuration list for PBXProject "MoogLadders" */;
			compatibilityVersion = "Xcode 3.2";
			developmentRegion = English;
			hasScannedForEncodings = 0;
			knownRegions = (
				en,
			);
			mainGroup = 08BD61C71B4BFB9D0004E704;
			productRefGroup = 08BD61D11B4BFB9D0004E704 /* Products */;
			projectDirPath = "";
			projectRoot = "";
			targets = (
				08BD61CF1B4BFB9D0004E704 /* MoogLadders */,
			);
		};
/* End PBXProject section */

/* Begin PBXSourcesBuildPhase section */
		08BD61CC1B4BFB9D0004E704 /* Sources */ = {
			isa = PBXSourcesBuildPhase;
			buildActionMask = 2147483647;
			files = (
				08BD61F91B4C07F30004E704 /* AudioDevice.cpp in Sources */,
				08BD62071B4D5BCE0004E704 /* RtAudio.cpp in Sources */,
				08BD61FB1B4C0B3F0004E704 /* ExampleMain.cpp in Sources */,
			);
			runOnlyForDeploymentPostprocessing = 0;
		};
/* End PBXSourcesBuildPhase section */

/* Begin XCBuildConfiguration section */
		08BD61D51B4BFB9D0004E704 /* Debug */ = {
			isa = XCBuildConfiguration;
			buildSettings = {
				ALWAYS_SEARCH_USER_PATHS = NO;
				CLANG_CXX_LANGUAGE_STANDARD = "gnu++0x";
				CLANG_CXX_LIBRARY = "libc++";
				CLANG_ENABLE_MODULES = YES;
				CLANG_ENABLE_OBJC_ARC = YES;
				CLANG_WARN_BOOL_CONVERSION = YES;
				CLANG_WARN_CONSTANT_CONVERSION = YES;
				CLANG_WARN_DIRECT_OBJC_ISA_USAGE = YES_ERROR;
				CLANG_WARN_EMPTY_BODY = YES;
				CLANG_WARN_ENUM_CONVERSION = YES;
				CLANG_WARN_INT_CONVERSION = YES;
				CLANG_WARN_OBJC_ROOT_CLASS = YES_ERROR;
				CLANG_WARN_UNREACHABLE_CODE = YES;
				CLANG_WARN__DUPLICATE_METHOD_MATCH = YES;
				COPY_PHASE_STRIP = NO;
				ENABLE_STRICT_OBJC_MSGSEND = YES;
				GCC_C_LANGUAGE_STANDARD = gnu99;
				GCC_DYNAMIC_NO_PIC = NO;
				GCC_OPTIMIZATION_LEVEL = 0;
				GCC_PREPROCESSOR_DEFINITIONS = (
					"DEBUG=1",
					"$(inherited)",
				);
				GCC_SYMBOLS_PRIVATE_EXTERN = NO;
				GCC_WARN_64_TO_32_BIT_CONVERSION = YES;
				GCC_WARN_ABOUT_RETURN_TYPE = YES_ERROR;
				GCC_WARN_UNDECLARED_SELECTOR = YES;
				GCC_WARN_UNINITIALIZED_AUTOS = YES_AGGRESSIVE;
				GCC_WARN_UNUSED_FUNCTION = YES;
				GCC_WARN_UNUSED_VARIABLE = YES;
				MACOSX_DEPLOYMENT_TARGET = 10.10;
				MTL_ENABLE_DEBUG_INFO = YES;
				ONLY_ACTIVE_ARCH = YES;
				SDKROOT = macosx;
			};
			name = Debug;
		};
		08BD61D61B4BFB9D0004E704 /* Release */ = {
			isa = XCBuildConfiguration;
			buildSettings = {
				ALWAYS_SEARCH_USER_PATHS = NO;
				CLANG_CXX_LANGUAGE_STANDARD = "gnu++0x";
				CLANG_CXX_LIBRARY = "libc++";
				CLANG_ENABLE_MODULES = YES;
				CLANG_ENABLE_OBJC_ARC = YES;
				CLANG_WARN_BOOL_CONVERSION = YES;
				CLANG_WARN_CONSTANT_CONVERSION = YES;
				CLANG_WARN_DIRECT_OBJC_ISA_USAGE = YES_ERROR;
				CLANG_WARN_EMPTY_BODY = YES;
				CLANG_WARN_ENUM_CONVERSION = YES;
				CLANG_WARN_INT_CONVERSION = YES;
				CLANG_WARN_OBJC_ROOT_CLASS = YES_ERROR;
				CLANG_WARN_UNREACHABLE_CODE = YES;
				CLANG_WARN__DUPLICATE_METHOD_MATCH = YES;
				COPY_PHASE_STRIP = NO;
				DEBUG_INFORMATION_FORMAT = "dwarf-with-dsym";
				ENABLE_NS_ASSERTIONS = NO;
				ENABLE_STRICT_OBJC_MSGSEND = YES;
				GCC_C_LANGUAGE_STANDARD = gnu99;
				GCC_WARN_64_TO_32_BIT_CONVERSION = YES;
				GCC_WARN_ABOUT_RETURN_TYPE = YES_ERROR;
				GCC_WARN_UNDECLARED_SELECTOR = YES;
				GCC_WARN_UNINITIALIZED_AUTOS = YES_AGGRESSIVE;
				GCC_WARN_UNUSED_FUNCTION = YES;
				GCC_WARN_UNUSED_VARIABLE = YES;
				MACOSX_DEPLOYMENT_TARGET = 10.10;
				MTL_ENABLE_DEBUG_INFO = NO;
				SDKROOT = macosx;
			};
			name = Release;
		};
		08BD61D81B4BFB9D0004E704 /* Debug */ = {
			isa = XCBuildConfiguration;
			buildSettings = {
				GCC_PREPROCESSOR_DEFINITIONS = (
					"DEBUG=1",
					__MACOSX_CORE__,
					"$(inherited)",
				);
				HEADER_SEARCH_PATHS = (
					"$(inherited)",
					/Applications/Xcode.app/Contents/Developer/Toolchains/XcodeDefault.xctoolchain/usr/include,
					"$(SRCROOT)/third_party",
				);
				PRODUCT_NAME = "$(TARGET_NAME)";
			};
			name = Debug;
		};
		08BD61D91B4BFB9D0004E704 /* Release */ = {
			isa = XCBuildConfiguration;
			buildSettings = {
				GCC_PREPROCESSOR_DEFINITIONS = __MACOSX_CORE__;
				HEADER_SEARCH_PATHS = (
					"$(inherited)",
					/Applications/Xcode.app/Contents/Developer/Toolchains/XcodeDefault.xctoolchain/usr/include,
					"$(SRCROOT)/third_party",
				);
				PRODUCT_NAME = "$(TARGET_NAME)";
			};
			name = Release;
		};
/* End XCBuildConfiguration section */

/* Begin XCConfigurationList section */
		08BD61CB1B4BFB9D0004E704 /* Build configuration list for PBXProject "MoogLadders" */ = {
			isa = XCConfigurationList;
			buildConfigurations = (
				08BD61D51B4BFB9D0004E704 /* Debug */,
				08BD61D61B4BFB9D0004E704 /* Release */,
			);
			defaultConfigurationIsVisible = 0;
			defaultConfigurationName = Release;
		};
		08BD61D71B4BFB9D0004E704 /* Build configuration list for PBXNativeTarget "MoogLadders" */ = {
			isa = XCConfigurationList;
			buildConfigurations = (
				08BD61D81B4BFB9D0004E704 /* Debug */,
				08BD61D91B4BFB9D0004E704 /* Release */,
			);
			defaultConfigurationIsVisible = 0;
			defaultConfigurationName = Release;
		};
/* End XCConfigurationList section */
	};
	rootObject = 08BD61C81B4BFB9D0004E704 /* Project object */;
}
