// !$*UTF8*$!
{
	archiveVersion = 1;
	classes = {
	};
	objectVersion = 46;
	objects = {

/* Begin PBXBuildFile section */
		08BD61EF1B4BFE650004E704 /* example_main.cpp in Sources */ = {isa = PBXBuildFile; fileRef = 08BD61E31B4BFE650004E704 /* example_main.cpp */; };
		08BD61F01B4BFE650004E704 /* huovilainen.cpp in Sources */ = {isa = PBXBuildFile; fileRef = 08BD61E41B4BFE650004E704 /* huovilainen.cpp */; };
		08BD61F11B4BFE650004E704 /* improvedmoog.cpp in Sources */ = {isa = PBXBuildFile; fileRef = 08BD61E61B4BFE650004E704 /* improvedmoog.cpp */; };
		08BD61F31B4BFE650004E704 /* simplifiedmoog.cpp in Sources */ = {isa = PBXBuildFile; fileRef = 08BD61EA1B4BFE650004E704 /* simplifiedmoog.cpp */; };
/* End PBXBuildFile section */

/* Begin PBXCopyFilesBuildPhase section */
		08BD61CE1B4BFB9D0004E704 /* CopyFiles */ = {
			isa = PBXCopyFilesBuildPhase;
			buildActionMask = 2147483647;
			dstPath = /usr/share/man/man1/;
			dstSubfolderSpec = 0;
			files = (
			);
			runOnlyForDeploymentPostprocessing = 1;
		};
/* End PBXCopyFilesBuildPhase section */

/* Begin PBXFileReference section */
		08BD61D01B4BFB9D0004E704 /* MoogLadders */ = {isa = PBXFileReference; explicitFileType = "compiled.mach-o.executable"; includeInIndex = 0; path = MoogLadders; sourceTree = BUILT_PRODUCTS_DIR; };
		08BD61DF1B4BFDF40004E704 /* catch.hpp */ = {isa = PBXFileReference; lastKnownFileType = sourcecode.cpp.h; path = catch.hpp; sourceTree = "<group>"; };
		08BD61E11B4BFDF40004E704 /* RtAudio.cpp */ = {isa = PBXFileReference; lastKnownFileType = sourcecode.cpp.cpp; path = RtAudio.cpp; sourceTree = "<group>"; };
		08BD61E21B4BFDF40004E704 /* RtAudio.h */ = {isa = PBXFileReference; lastKnownFileType = sourcecode.c.h; path = RtAudio.h; sourceTree = "<group>"; };
		08BD61E31B4BFE650004E704 /* example_main.cpp */ = {isa = PBXFileReference; fileEncoding = 4; lastKnownFileType = sourcecode.cpp.cpp; name = example_main.cpp; path = src/example_main.cpp; sourceTree = "<group>"; };
		08BD61E41B4BFE650004E704 /* huovilainen.cpp */ = {isa = PBXFileReference; fileEncoding = 4; lastKnownFileType = sourcecode.cpp.cpp; name = huovilainen.cpp; path = src/huovilainen.cpp; sourceTree = "<group>"; };
		08BD61E51B4BFE650004E704 /* huovilainen.h */ = {isa = PBXFileReference; fileEncoding = 4; lastKnownFileType = sourcecode.c.h; name = huovilainen.h; path = src/huovilainen.h; sourceTree = "<group>"; };
		08BD61E61B4BFE650004E704 /* improvedmoog.cpp */ = {isa = PBXFileReference; fileEncoding = 4; lastKnownFileType = sourcecode.cpp.cpp; name = improvedmoog.cpp; path = src/improvedmoog.cpp; sourceTree = "<group>"; };
		08BD61E71B4BFE650004E704 /* improvedmoog.h */ = {isa = PBXFileReference; fileEncoding = 4; lastKnownFileType = sourcecode.c.h; name = improvedmoog.h; path = src/improvedmoog.h; sourceTree = "<group>"; };
		08BD61E91B4BFE650004E704 /* ladderfilter.h */ = {isa = PBXFileReference; fileEncoding = 4; lastKnownFileType = sourcecode.c.h; name = ladderfilter.h; path = src/ladderfilter.h; sourceTree = "<group>"; };
		08BD61EA1B4BFE650004E704 /* simplifiedmoog.cpp */ = {isa = PBXFileReference; fileEncoding = 4; lastKnownFileType = sourcecode.cpp.cpp; name = simplifiedmoog.cpp; path = src/simplifiedmoog.cpp; sourceTree = "<group>"; };
		08BD61EB1B4BFE650004E704 /* simplifiedmoog.h */ = {isa = PBXFileReference; fileEncoding = 4; lastKnownFileType = sourcecode.c.h; name = simplifiedmoog.h; path = src/simplifiedmoog.h; sourceTree = "<group>"; };
		08BD61ED1B4BFE650004E704 /* stilson.h */ = {isa = PBXFileReference; fileEncoding = 4; lastKnownFileType = sourcecode.c.h; name = stilson.h; path = src/stilson.h; sourceTree = "<group>"; };
		08BD61EE1B4BFE650004E704 /* util.h */ = {isa = PBXFileReference; fileEncoding = 4; lastKnownFileType = sourcecode.c.h; name = util.h; path = src/util.h; sourceTree = "<group>"; };
/* End PBXFileReference section */

/* Begin PBXFrameworksBuildPhase section */
		08BD61CD1B4BFB9D0004E704 /* Frameworks */ = {
			isa = PBXFrameworksBuildPhase;
			buildActionMask = 2147483647;
			files = (
			);
			runOnlyForDeploymentPostprocessing = 0;
		};
/* End PBXFrameworksBuildPhase section */

/* Begin PBXGroup section */
		08BD61C71B4BFB9D0004E704 = {
			isa = PBXGroup;
			children = (
				08BD61DA1B4BFBD10004E704 /* source */,
				08BD61DD1B4BFDE40004E704 /* third_party */,
				08BD61D11B4BFB9D0004E704 /* Products */,
			);
			sourceTree = "<group>";
		};
		08BD61D11B4BFB9D0004E704 /* Products */ = {
			isa = PBXGroup;
			children = (
				08BD61D01B4BFB9D0004E704 /* MoogLadders */,
			);
			name = Products;
			sourceTree = "<group>";
		};
		08BD61DA1B4BFBD10004E704 /* source */ = {
			isa = PBXGroup;
			children = (
				08BD61E31B4BFE650004E704 /* example_main.cpp */,
				08BD61E41B4BFE650004E704 /* huovilainen.cpp */,
				08BD61E51B4BFE650004E704 /* huovilainen.h */,
				08BD61E61B4BFE650004E704 /* improvedmoog.cpp */,
				08BD61E71B4BFE650004E704 /* improvedmoog.h */,
				08BD61E91B4BFE650004E704 /* ladderfilter.h */,
				08BD61EA1B4BFE650004E704 /* simplifiedmoog.cpp */,
				08BD61EB1B4BFE650004E704 /* simplifiedmoog.h */,
				08BD61ED1B4BFE650004E704 /* stilson.h */,
				08BD61EE1B4BFE650004E704 /* util.h */,
			);
			name = source;
			sourceTree = "<group>";
		};
		08BD61DD1B4BFDE40004E704 /* third_party */ = {
			isa = PBXGroup;
			children = (
				08BD61DE1B4BFDF40004E704 /* catch */,
				08BD61E01B4BFDF40004E704 /* rtaudio */,
			);
			name = third_party;
			sourceTree = "<group>";
		};
		08BD61DE1B4BFDF40004E704 /* catch */ = {
			isa = PBXGroup;
			children = (
				08BD61DF1B4BFDF40004E704 /* catch.hpp */,
			);
			name = catch;
			path = third_party/catch;
			sourceTree = "<group>";
		};
		08BD61E01B4BFDF40004E704 /* rtaudio */ = {
			isa = PBXGroup;
			children = (
				08BD61E11B4BFDF40004E704 /* RtAudio.cpp */,
				08BD61E21B4BFDF40004E704 /* RtAudio.h */,
			);
			name = rtaudio;
			path = third_party/rtaudio;
			sourceTree = "<group>";
		};
/* End PBXGroup section */

/* Begin PBXNativeTarget section */
		08BD61CF1B4BFB9D0004E704 /* MoogLadders */ = {
			isa = PBXNativeTarget;
			buildConfigurationList = 08BD61D71B4BFB9D0004E704 /* Build configuration list for PBXNativeTarget "MoogLadders" */;
			buildPhases = (
				08BD61CC1B4BFB9D0004E704 /* Sources */,
				08BD61CD1B4BFB9D0004E704 /* Frameworks */,
				08BD61CE1B4BFB9D0004E704 /* CopyFiles */,
			);
			buildRules = (
			);
			dependencies = (
			);
			name = MoogLadders;
			productName = MoogLadders;
			productReference = 08BD61D01B4BFB9D0004E704 /* MoogLadders */;
			productType = "com.apple.product-type.tool";
		};
/* End PBXNativeTarget section */

/* Begin PBXProject section */
		08BD61C81B4BFB9D0004E704 /* Project object */ = {
			isa = PBXProject;
			attributes = {
				LastUpgradeCheck = 0620;
				ORGANIZATIONNAME = "Dimitri Diakopoulos";
				TargetAttributes = {
					08BD61CF1B4BFB9D0004E704 = {
						CreatedOnToolsVersion = 6.2;
					};
				};
			};
			buildConfigurationList = 08BD61CB1B4BFB9D0004E704 /* Build configuration list for PBXProject "MoogLadders" */;
			compatibilityVersion = "Xcode 3.2";
			developmentRegion = English;
			hasScannedForEncodings = 0;
			knownRegions = (
				en,
			);
			mainGroup = 08BD61C71B4BFB9D0004E704;
			productRefGroup = 08BD61D11B4BFB9D0004E704 /* Products */;
			projectDirPath = "";
			projectRoot = "";
			targets = (
				08BD61CF1B4BFB9D0004E704 /* MoogLadders */,
			);
		};
/* End PBXProject section */

/* Begin PBXSourcesBuildPhase section */
		08BD61CC1B4BFB9D0004E704 /* Sources */ = {
			isa = PBXSourcesBuildPhase;
			buildActionMask = 2147483647;
			files = (
				08BD61F31B4BFE650004E704 /* simplifiedmoog.cpp in Sources */,
				08BD61F01B4BFE650004E704 /* huovilainen.cpp in Sources */,
				08BD61EF1B4BFE650004E704 /* example_main.cpp in Sources */,
				08BD61F11B4BFE650004E704 /* improvedmoog.cpp in Sources */,
			);
			runOnlyForDeploymentPostprocessing = 0;
		};
/* End PBXSourcesBuildPhase section */

/* Begin XCBuildConfiguration section */
		08BD61D51B4BFB9D0004E704 /* Debug */ = {
			isa = XCBuildConfiguration;
			buildSettings = {
				ALWAYS_SEARCH_USER_PATHS = NO;
				CLANG_CXX_LANGUAGE_STANDARD = "gnu++0x";
				CLANG_CXX_LIBRARY = "libc++";
				CLANG_ENABLE_MODULES = YES;
				CLANG_ENABLE_OBJC_ARC = YES;
				CLANG_WARN_BOOL_CONVERSION = YES;
				CLANG_WARN_CONSTANT_CONVERSION = YES;
				CLANG_WARN_DIRECT_OBJC_ISA_USAGE = YES_ERROR;
				CLANG_WARN_EMPTY_BODY = YES;
				CLANG_WARN_ENUM_CONVERSION = YES;
				CLANG_WARN_INT_CONVERSION = YES;
				CLANG_WARN_OBJC_ROOT_CLASS = YES_ERROR;
				CLANG_WARN_UNREACHABLE_CODE = YES;
				CLANG_WARN__DUPLICATE_METHOD_MATCH = YES;
				COPY_PHASE_STRIP = NO;
				ENABLE_STRICT_OBJC_MSGSEND = YES;
				GCC_C_LANGUAGE_STANDARD = gnu99;
				GCC_DYNAMIC_NO_PIC = NO;
				GCC_OPTIMIZATION_LEVEL = 0;
				GCC_PREPROCESSOR_DEFINITIONS = (
					"DEBUG=1",
					"$(inherited)",
				);
				GCC_SYMBOLS_PRIVATE_EXTERN = NO;
				GCC_WARN_64_TO_32_BIT_CONVERSION = YES;
				GCC_WARN_ABOUT_RETURN_TYPE = YES_ERROR;
				GCC_WARN_UNDECLARED_SELECTOR = YES;
				GCC_WARN_UNINITIALIZED_AUTOS = YES_AGGRESSIVE;
				GCC_WARN_UNUSED_FUNCTION = YES;
				GCC_WARN_UNUSED_VARIABLE = YES;
				MACOSX_DEPLOYMENT_TARGET = 10.10;
				MTL_ENABLE_DEBUG_INFO = YES;
				ONLY_ACTIVE_ARCH = YES;
				SDKROOT = macosx;
			};
			name = Debug;
		};
		08BD61D61B4BFB9D0004E704 /* Release */ = {
			isa = XCBuildConfiguration;
			buildSettings = {
				ALWAYS_SEARCH_USER_PATHS = NO;
				CLANG_CXX_LANGUAGE_STANDARD = "gnu++0x";
				CLANG_CXX_LIBRARY = "libc++";
				CLANG_ENABLE_MODULES = YES;
				CLANG_ENABLE_OBJC_ARC = YES;
				CLANG_WARN_BOOL_CONVERSION = YES;
				CLANG_WARN_CONSTANT_CONVERSION = YES;
				CLANG_WARN_DIRECT_OBJC_ISA_USAGE = YES_ERROR;
				CLANG_WARN_EMPTY_BODY = YES;
				CLANG_WARN_ENUM_CONVERSION = YES;
				CLANG_WARN_INT_CONVERSION = YES;
				CLANG_WARN_OBJC_ROOT_CLASS = YES_ERROR;
				CLANG_WARN_UNREACHABLE_CODE = YES;
				CLANG_WARN__DUPLICATE_METHOD_MATCH = YES;
				COPY_PHASE_STRIP = NO;
				DEBUG_INFORMATION_FORMAT = "dwarf-with-dsym";
				ENABLE_NS_ASSERTIONS = NO;
				ENABLE_STRICT_OBJC_MSGSEND = YES;
				GCC_C_LANGUAGE_STANDARD = gnu99;
				GCC_WARN_64_TO_32_BIT_CONVERSION = YES;
				GCC_WARN_ABOUT_RETURN_TYPE = YES_ERROR;
				GCC_WARN_UNDECLARED_SELECTOR = YES;
				GCC_WARN_UNINITIALIZED_AUTOS = YES_AGGRESSIVE;
				GCC_WARN_UNUSED_FUNCTION = YES;
				GCC_WARN_UNUSED_VARIABLE = YES;
				MACOSX_DEPLOYMENT_TARGET = 10.10;
				MTL_ENABLE_DEBUG_INFO = NO;
				SDKROOT = macosx;
			};
			name = Release;
		};
		08BD61D81B4BFB9D0004E704 /* Debug */ = {
			isa = XCBuildConfiguration;
			buildSettings = {
				PRODUCT_NAME = "$(TARGET_NAME)";
			};
			name = Debug;
		};
		08BD61D91B4BFB9D0004E704 /* Release */ = {
			isa = XCBuildConfiguration;
			buildSettings = {
				PRODUCT_NAME = "$(TARGET_NAME)";
			};
			name = Release;
		};
/* End XCBuildConfiguration section */

/* Begin XCConfigurationList section */
		08BD61CB1B4BFB9D0004E704 /* Build configuration list for PBXProject "MoogLadders" */ = {
			isa = XCConfigurationList;
			buildConfigurations = (
				08BD61D51B4BFB9D0004E704 /* Debug */,
				08BD61D61B4BFB9D0004E704 /* Release */,
			);
			defaultConfigurationIsVisible = 0;
			defaultConfigurationName = Release;
		};
		08BD61D71B4BFB9D0004E704 /* Build configuration list for PBXNativeTarget "MoogLadders" */ = {
			isa = XCConfigurationList;
			buildConfigurations = (
				08BD61D81B4BFB9D0004E704 /* Debug */,
				08BD61D91B4BFB9D0004E704 /* Release */,
			);
			defaultConfigurationIsVisible = 0;
			defaultConfigurationName = Release;
		};
/* End XCConfigurationList section */
	};
	rootObject = 08BD61C81B4BFB9D0004E704 /* Project object */;
}
